
Microsoft Visual Studio Solution File, Format Version 12.00
# Visual Studio 2012
Project("{8BC9CEB8-8B4A-11D0-8D11-00A0C91BC942}") = "RaptorCodes", "RaptorCodes\RaptorCodes.vcxproj", "{F2BF67E8-D782-4113-B7AC-7D9F73079EF4}"
EndProject
Global
	GlobalSection(SolutionConfigurationPlatforms) = preSolution
		Debug|Win32 = Debug|Win32
		Release|Win32 = Release|Win32
	EndGlobalSection
	GlobalSection(ProjectConfigurationPlatforms) = postSolution
		{F2BF67E8-D782-4113-B7AC-7D9F73079EF4}.Debug|Win32.ActiveCfg = Debug|Win32
		{F2BF67E8-D782-4113-B7AC-7D9F73079EF4}.Debug|Win32.Build.0 = Debug|Win32
		{F2BF67E8-D782-4113-B7AC-7D9F73079EF4}.Release|Win32.ActiveCfg = Release|Win32
		{F2BF67E8-D782-4113-B7AC-7D9F73079EF4}.Release|Win32.Build.0 = Release|Win32
	EndGlobalSection
	GlobalSection(SolutionProperties) = preSolution
		HideSolutionNode = FALSE
	EndGlobalSection
EndGlobal
